# THIS IS AN AUTOGENERATED FILE. DO NOT EDIT THIS FILE DIRECTLY.
# yarn lockfile v1


create-next-app@^13.4.5:
  version "13.4.5"
  resolved "https://registry.yarnpkg.com/create-next-app/-/create-next-app-13.4.5.tgz#2de9d22480edec488d0a5385a85e90e1914d08b8"
  integrity sha512-aHK1IIqtu9m22LIcB+r3WJZ9+wAvc3LY9OpdPj47awo4bmMz7JH6ThuJEAySSJ7K2Lcneu+bgX9EUY02NQwmpw==
